<?xml version="1.0" encoding="utf-8"?>
<Project ToolsVersion="4.0" xmlns="http://schemas.microsoft.com/developer/msbuild/2003">
  <ItemGroup>
    <Filter Include="src">
      <UniqueIdentifier>{93995380-89BD-4b04-88EB-625FBE52EBFB}</UniqueIdentifier>
      <Extensions>h;hh;hpp;hxx;hm;inl;inc;xsd</Extensions>
    </Filter>
  </ItemGroup>
  <ItemGroup>
    <ClCompile Include="..\..\src\utils\huffman.c">
      <Filter>src</Filter>
    </ClCompile>
    <ClCompile Include="..\..\src\utils\huffman_encode.c">
      <Filter>src</Filter>
    </ClCompile>
    <ClCompile Include="..\..\src\utils\quant_levels.c">
      <Filter>src</Filter>
    </ClCompile>
    <ClCompile Include="..\..\src\utils\quant_levels_dec.c">
      <Filter>src</Filter>
    </ClCompile>
    <ClCompile Include="..\..\src\utils\rescaler.c">
      <Filter>src</Filter>
    </ClCompile>
    <ClCompile Include="..\..\src\utils\thread.c">
      <Filter>src</Filter>
    </ClCompile>
    <ClCompile Include="..\..\src\utils\utils.c">
      <Filter>src</Filter>
    </ClCompile>
    <ClCompile Include="..\..\src\utils\bit_reader.c">
      <Filter>src</Filter>
    </ClCompile>
    <ClCompile Include="..\..\src\utils\bit_writer.c">
      <Filter>src</Filter>
    </ClCompile>
    <ClCompile Include="..\..\src\utils\color_cache.c">
      <Filter>src</Filter>
    </ClCompile>
    <ClCompile Include="..\..\src\utils\filters.c">
      <Filter>src</Filter>
    </ClCompile>
  </ItemGroup>
  <ItemGroup>
    <ClInclude Include="..\..\src\utils\huffman.h">
      <Filter>src</Filter>
    </ClInclude>
    <ClInclude Include="..\..\src\utils\huffman_encode.h">
      <Filter>src</Filter>
    </ClInclude>
    <ClInclude Include="..\..\src\utils\quant_levels.h">
      <Filter>src</Filter>
    </ClInclude>
    <ClInclude Include="..\..\src\utils\quant_levels_dec.h">
      <Filter>src</Filter>
    </ClInclude>
    <ClInclude Include="..\..\src\utils\rescaler.h">
      <Filter>src</Filter>
    </ClInclude>
    <ClInclude Include="..\..\src\utils\thread.h">
      <Filter>src</Filter>
    </ClInclude>
    <ClInclude Include="..\..\src\utils\utils.h">
      <Filter>src</Filter>
    </ClInclude>
    <ClInclude Include="..\..\src\utils\bit_reader.h">
      <Filter>src</Filter>
    </ClInclude>
    <ClInclude Include="..\..\src\utils\bit_writer.h">
      <Filter>src</Filter>
    </ClInclude>
    <ClInclude Include="..\..\src\utils\color_cache.h">
      <Filter>src</Filter>
    </ClInclude>
    <ClInclude Include="..\..\src\utils\filters.h">
      <Filter>src</Filter>
    </ClInclude>
  </ItemGroup>
</Project>