<?xml version="1.0" encoding="utf-8"?>
<Project ToolsVersion="4.0" xmlns="http://schemas.microsoft.com/developer/msbuild/2003">
  <ItemGroup>
    <Filter Include="src">
      <UniqueIdentifier>{93995380-89BD-4b04-88EB-625FBE52EBFB}</UniqueIdentifier>
      <Extensions>h;hh;hpp;hxx;hm;inl;inc;xsd</Extensions>
    </Filter>
  </ItemGroup>
  <ItemGroup>
    <ClCompile Include="..\..\src\dec\alpha.c">
      <Filter>src</Filter>
    </ClCompile>
    <ClCompile Include="..\..\src\dec\buffer.c">
      <Filter>src</Filter>
    </ClCompile>
    <ClCompile Include="..\..\src\dec\frame.c">
      <Filter>src</Filter>
    </ClCompile>
    <ClCompile Include="..\..\src\dec\idec.c">
      <Filter>src</Filter>
    </ClCompile>
    <ClCompile Include="..\..\src\dec\io.c">
      <Filter>src</Filter>
    </ClCompile>
    <ClCompile Include="..\..\src\dec\layer.c">
      <Filter>src</Filter>
    </ClCompile>
    <ClCompile Include="..\..\src\dec\quant.c">
      <Filter>src</Filter>
    </ClCompile>
    <ClCompile Include="..\..\src\dec\tree.c">
      <Filter>src</Filter>
    </ClCompile>
    <ClCompile Include="..\..\src\dec\vp8.c">
      <Filter>src</Filter>
    </ClCompile>
    <ClCompile Include="..\..\src\dec\vp8l.c">
      <Filter>src</Filter>
    </ClCompile>
    <ClCompile Include="..\..\src\dec\webp.c">
      <Filter>src</Filter>
    </ClCompile>
  </ItemGroup>
  <ItemGroup>
    <ClInclude Include="..\..\src\dec\decode_vp8.h">
      <Filter>src</Filter>
    </ClInclude>
    <ClInclude Include="..\..\src\dec\vp8i.h">
      <Filter>src</Filter>
    </ClInclude>
    <ClInclude Include="..\..\src\dec\vp8li.h">
      <Filter>src</Filter>
    </ClInclude>
    <ClInclude Include="..\..\src\dec\webpi.h">
      <Filter>src</Filter>
    </ClInclude>
  </ItemGroup>
</Project>