<?xml version="1.0" encoding="utf-8"?>
<Project ToolsVersion="4.0" xmlns="http://schemas.microsoft.com/developer/msbuild/2003">
  <ItemGroup>
    <Filter Include="源文件">
      <UniqueIdentifier>{4FC737F1-C7A5-4376-A066-2A32D752A2FF}</UniqueIdentifier>
      <Extensions>cpp;c;cc;cxx;def;odl;idl;hpj;bat;asm;asmx</Extensions>
    </Filter>
    <Filter Include="源文件\dec">
      <UniqueIdentifier>{39c8ed79-60dc-4f9e-b21e-3d8332f99af2}</UniqueIdentifier>
    </Filter>
    <Filter Include="源文件\enc">
      <UniqueIdentifier>{bb727f7b-b70c-4a41-92a4-2942175a9f37}</UniqueIdentifier>
    </Filter>
    <Filter Include="源文件\dsp">
      <UniqueIdentifier>{1fd5feb2-bbb8-42f6-986c-7863e6bc2402}</UniqueIdentifier>
    </Filter>
    <Filter Include="源文件\utils">
      <UniqueIdentifier>{4ceb43a8-b88a-4cf2-812c-0bd364297c98}</UniqueIdentifier>
    </Filter>
  </ItemGroup>
  <ItemGroup>
    <ClCompile Include="..\src\dec\alpha.c">
      <Filter>源文件\dec</Filter>
    </ClCompile>
    <ClCompile Include="..\src\dec\buffer.c">
      <Filter>源文件\dec</Filter>
    </ClCompile>
    <ClCompile Include="..\src\dec\frame.c">
      <Filter>源文件\dec</Filter>
    </ClCompile>
    <ClCompile Include="..\src\dec\idec.c">
      <Filter>源文件\dec</Filter>
    </ClCompile>
    <ClCompile Include="..\src\dec\io.c">
      <Filter>源文件\dec</Filter>
    </ClCompile>
    <ClCompile Include="..\src\dec\layer.c">
      <Filter>源文件\dec</Filter>
    </ClCompile>
    <ClCompile Include="..\src\dec\quant.c">
      <Filter>源文件\dec</Filter>
    </ClCompile>
    <ClCompile Include="..\src\dec\tree.c">
      <Filter>源文件\dec</Filter>
    </ClCompile>
    <ClCompile Include="..\src\dec\vp8.c">
      <Filter>源文件\dec</Filter>
    </ClCompile>
    <ClCompile Include="..\src\dec\vp8l.c">
      <Filter>源文件\dec</Filter>
    </ClCompile>
    <ClCompile Include="..\src\dec\webp.c">
      <Filter>源文件\dec</Filter>
    </ClCompile>
    <ClCompile Include="..\src\enc\alpha.c">
      <Filter>源文件\enc</Filter>
    </ClCompile>
    <ClCompile Include="..\src\enc\analysis.c">
      <Filter>源文件\enc</Filter>
    </ClCompile>
    <ClCompile Include="..\src\enc\backward_references.c">
      <Filter>源文件\enc</Filter>
    </ClCompile>
    <ClCompile Include="..\src\enc\config.c">
      <Filter>源文件\enc</Filter>
    </ClCompile>
    <ClCompile Include="..\src\enc\cost.c">
      <Filter>源文件\enc</Filter>
    </ClCompile>
    <ClCompile Include="..\src\enc\filter.c">
      <Filter>源文件\enc</Filter>
    </ClCompile>
    <ClCompile Include="..\src\enc\frame.c">
      <Filter>源文件\enc</Filter>
    </ClCompile>
    <ClCompile Include="..\src\enc\histogram.c">
      <Filter>源文件\enc</Filter>
    </ClCompile>
    <ClCompile Include="..\src\enc\iterator.c">
      <Filter>源文件\enc</Filter>
    </ClCompile>
    <ClCompile Include="..\src\enc\layer.c">
      <Filter>源文件\enc</Filter>
    </ClCompile>
    <ClCompile Include="..\src\enc\picture.c">
      <Filter>源文件\enc</Filter>
    </ClCompile>
    <ClCompile Include="..\src\enc\quant.c">
      <Filter>源文件\enc</Filter>
    </ClCompile>
    <ClCompile Include="..\src\enc\syntax.c">
      <Filter>源文件\enc</Filter>
    </ClCompile>
    <ClCompile Include="..\src\enc\token.c">
      <Filter>源文件\enc</Filter>
    </ClCompile>
    <ClCompile Include="..\src\enc\tree.c">
      <Filter>源文件\enc</Filter>
    </ClCompile>
    <ClCompile Include="..\src\enc\vp8l.c">
      <Filter>源文件\enc</Filter>
    </ClCompile>
    <ClCompile Include="..\src\enc\webpenc.c">
      <Filter>源文件\enc</Filter>
    </ClCompile>
    <ClCompile Include="..\src\dsp\dec_neon.c">
      <Filter>源文件\dsp</Filter>
    </ClCompile>
    <ClCompile Include="..\src\dsp\dec_sse2.c">
      <Filter>源文件\dsp</Filter>
    </ClCompile>
    <ClCompile Include="..\src\dsp\enc.c">
      <Filter>源文件\dsp</Filter>
    </ClCompile>
    <ClCompile Include="..\src\dsp\enc_neon.c">
      <Filter>源文件\dsp</Filter>
    </ClCompile>
    <ClCompile Include="..\src\dsp\enc_sse2.c">
      <Filter>源文件\dsp</Filter>
    </ClCompile>
    <ClCompile Include="..\src\dsp\lossless.c">
      <Filter>源文件\dsp</Filter>
    </ClCompile>
    <ClCompile Include="..\src\dsp\upsampling.c">
      <Filter>源文件\dsp</Filter>
    </ClCompile>
    <ClCompile Include="..\src\dsp\upsampling_neon.c">
      <Filter>源文件\dsp</Filter>
    </ClCompile>
    <ClCompile Include="..\src\dsp\upsampling_sse2.c">
      <Filter>源文件\dsp</Filter>
    </ClCompile>
    <ClCompile Include="..\src\dsp\yuv.c">
      <Filter>源文件\dsp</Filter>
    </ClCompile>
    <ClCompile Include="..\src\dsp\cpu.c">
      <Filter>源文件\dsp</Filter>
    </ClCompile>
    <ClCompile Include="..\src\dsp\dec.c">
      <Filter>源文件\dsp</Filter>
    </ClCompile>
    <ClCompile Include="..\src\utils\bit_reader.c">
      <Filter>源文件\utils</Filter>
    </ClCompile>
    <ClCompile Include="..\src\utils\bit_writer.c">
      <Filter>源文件\utils</Filter>
    </ClCompile>
    <ClCompile Include="..\src\utils\color_cache.c">
      <Filter>源文件\utils</Filter>
    </ClCompile>
    <ClCompile Include="..\src\utils\filters.c">
      <Filter>源文件\utils</Filter>
    </ClCompile>
    <ClCompile Include="..\src\utils\huffman.c">
      <Filter>源文件\utils</Filter>
    </ClCompile>
    <ClCompile Include="..\src\utils\huffman_encode.c">
      <Filter>源文件\utils</Filter>
    </ClCompile>
    <ClCompile Include="..\src\utils\quant_levels.c">
      <Filter>源文件\utils</Filter>
    </ClCompile>
    <ClCompile Include="..\src\utils\quant_levels_dec.c">
      <Filter>源文件\utils</Filter>
    </ClCompile>
    <ClCompile Include="..\src\utils\rescaler.c">
      <Filter>源文件\utils</Filter>
    </ClCompile>
    <ClCompile Include="..\src\utils\thread.c">
      <Filter>源文件\utils</Filter>
    </ClCompile>
    <ClCompile Include="..\src\utils\utils.c">
      <Filter>源文件\utils</Filter>
    </ClCompile>
  </ItemGroup>
  <ItemGroup>
    <ClInclude Include="..\src\dec\decode_vp8.h">
      <Filter>源文件\dec</Filter>
    </ClInclude>
    <ClInclude Include="..\src\dec\vp8i.h">
      <Filter>源文件\dec</Filter>
    </ClInclude>
    <ClInclude Include="..\src\dec\vp8li.h">
      <Filter>源文件\dec</Filter>
    </ClInclude>
    <ClInclude Include="..\src\dec\webpi.h">
      <Filter>源文件\dec</Filter>
    </ClInclude>
    <ClInclude Include="..\src\enc\backward_references.h">
      <Filter>源文件\enc</Filter>
    </ClInclude>
    <ClInclude Include="..\src\enc\cost.h">
      <Filter>源文件\enc</Filter>
    </ClInclude>
    <ClInclude Include="..\src\enc\histogram.h">
      <Filter>源文件\enc</Filter>
    </ClInclude>
    <ClInclude Include="..\src\enc\vp8enci.h">
      <Filter>源文件\enc</Filter>
    </ClInclude>
    <ClInclude Include="..\src\enc\vp8li.h">
      <Filter>源文件\enc</Filter>
    </ClInclude>
    <ClInclude Include="..\src\dsp\dsp.h">
      <Filter>源文件\dsp</Filter>
    </ClInclude>
    <ClInclude Include="..\src\dsp\lossless.h">
      <Filter>源文件\dsp</Filter>
    </ClInclude>
    <ClInclude Include="..\src\dsp\yuv.h">
      <Filter>源文件\dsp</Filter>
    </ClInclude>
    <ClInclude Include="..\src\utils\huffman.h">
      <Filter>源文件\utils</Filter>
    </ClInclude>
    <ClInclude Include="..\src\utils\huffman_encode.h">
      <Filter>源文件\utils</Filter>
    </ClInclude>
    <ClInclude Include="..\src\utils\quant_levels.h">
      <Filter>源文件\utils</Filter>
    </ClInclude>
    <ClInclude Include="..\src\utils\quant_levels_dec.h">
      <Filter>源文件\utils</Filter>
    </ClInclude>
    <ClInclude Include="..\src\utils\rescaler.h">
      <Filter>源文件\utils</Filter>
    </ClInclude>
    <ClInclude Include="..\src\utils\thread.h">
      <Filter>源文件\utils</Filter>
    </ClInclude>
    <ClInclude Include="..\src\utils\utils.h">
      <Filter>源文件\utils</Filter>
    </ClInclude>
    <ClInclude Include="..\src\utils\bit_reader.h">
      <Filter>源文件\utils</Filter>
    </ClInclude>
    <ClInclude Include="..\src\utils\bit_writer.h">
      <Filter>源文件\utils</Filter>
    </ClInclude>
    <ClInclude Include="..\src\utils\color_cache.h">
      <Filter>源文件\utils</Filter>
    </ClInclude>
    <ClInclude Include="..\src\utils\filters.h">
      <Filter>源文件\utils</Filter>
    </ClInclude>
  </ItemGroup>
</Project>