<?xml version="1.0" encoding="utf-8"?>
<Project ToolsVersion="4.0" xmlns="http://schemas.microsoft.com/developer/msbuild/2003">
  <ItemGroup>
    <Filter Include="src">
      <UniqueIdentifier>{1baa6f8c-47dd-44b5-a280-4092fbd69341}</UniqueIdentifier>
    </Filter>
  </ItemGroup>
  <ItemGroup>
    <ClCompile Include="..\..\src\demux\demux.c">
      <Filter>src</Filter>
    </ClCompile>
  </ItemGroup>
</Project>